// !$*UTF8*$!
{
	archiveVersion = 1;
	classes = {
	};
	objectVersion = 56;
	objects = {

/* Begin PBXBuildFile section */
		9703C10F2F44ABAB005D49C6 /* MoodTracker.swift in Sources */ = {isa = PBXBuildFile; fileRef = 9703C10E2F44ABAB005D49C6 /* MoodTracker.swift */; };
		9703C11B2F44AC0F005D49C6 /* OracleTabView.swift in Sources */ = {isa = PBXBuildFile; fileRef = 9703C1142F44AC0F005D49C6 /* OracleTabView.swift */; };
		9703C11C2F44AC0F005D49C6 /* QuantumOracleCard.swift in Sources */ = {isa = PBXBuildFile; fileRef = 9703C1152F44AC0F005D49C6 /* QuantumOracleCard.swift */; };
		9703C11D2F44AC0F005D49C6 /* QuantumOracleCardView.swift in Sources */ = {isa = PBXBuildFile; fileRef = 9703C1162F44AC0F005D49C6 /* QuantumOracleCardView.swift */; };
		9703C11E2F44AC0F005D49C6 /* QuantumOracleDeck.swift in Sources */ = {isa = PBXBuildFile; fileRef = 9703C1182F44AC0F005D49C6 /* QuantumOracleDeck.swift */; };
		9703C11F2F44AC0F005D49C6 /* OracleSelectionView.swift in Sources */ = {isa = PBXBuildFile; fileRef = 9703C1132F44AC0F005D49C6 /* OracleSelectionView.swift */; };
		9703C1202F44AC0F005D49C6 /* StatisticsView.swift in Sources */ = {isa = PBXBuildFile; fileRef = 9703C11A2F44AC0F005D49C6 /* StatisticsView.swift */; };
		9703C1212F44AC0F005D49C6 /* QuantumOracleDrawView.swift in Sources */ = {isa = PBXBuildFile; fileRef = 9703C1192F44AC0F005D49C6 /* QuantumOracleDrawView.swift */; };
		9703C1222F44AC0F005D49C6 /* MoodTrackerView.swift in Sources */ = {isa = PBXBuildFile; fileRef = 9703C1122F44AC0F005D49C6 /* MoodTrackerView.swift */; };
		9703C1232F44AC0F005D49C6 /* QuantumOracleCollectionView.swift in Sources */ = {isa = PBXBuildFile; fileRef = 9703C1172F44AC0F005D49C6 /* QuantumOracleCollectionView.swift */; };
		9703C1242F44AC0F005D49C6 /* AffirmationEngine.swift in Sources */ = {isa = PBXBuildFile; fileRef = 9703C1102F44AC0F005D49C6 /* AffirmationEngine.swift */; };
		9703C1252F44AC0F005D49C6 /* InsightsTabView.swift in Sources */ = {isa = PBXBuildFile; fileRef = 9703C1112F44AC0F005D49C6 /* InsightsTabView.swift */; };
		AA00000001000001 /* CoeurCosmiqueApp.swift in Sources */ = {isa = PBXBuildFile; fileRef = AA00000002000001 /* CoeurCosmiqueApp.swift */; };
		AA00000001000002 /* ContentView.swift in Sources */ = {isa = PBXBuildFile; fileRef = AA00000002000002 /* ContentView.swift */; };
		AA00000001000003 /* AppViewModel.swift in Sources */ = {isa = PBXBuildFile; fileRef = AA00000002000003 /* AppViewModel.swift */; };
		AA00000001000004 /* CosmicTheme.swift in Sources */ = {isa = PBXBuildFile; fileRef = AA00000002000004 /* CosmicTheme.swift */; };
		AA00000001000005 /* TarotCard.swift in Sources */ = {isa = PBXBuildFile; fileRef = AA00000002000005 /* TarotCard.swift */; };
		AA00000001000006 /* TarotDeck.swift in Sources */ = {isa = PBXBuildFile; fileRef = AA00000002000006 /* TarotDeck.swift */; };
		AA00000001000007 /* TarotSpread.swift in Sources */ = {isa = PBXBuildFile; fileRef = AA00000002000007 /* TarotSpread.swift */; };
		AA00000001000008 /* TarotReadingEngine.swift in Sources */ = {isa = PBXBuildFile; fileRef = AA00000002000008 /* TarotReadingEngine.swift */; };
		AA00000001000009 /* DailyCardStore.swift in Sources */ = {isa = PBXBuildFile; fileRef = AA00000002000009 /* DailyCardStore.swift */; };
		AA00000001000010 /* ReadingHistoryStore.swift in Sources */ = {isa = PBXBuildFile; fileRef = AA00000002000010 /* ReadingHistoryStore.swift */; };
		AA00000001000011 /* MotivationalMessages.swift in Sources */ = {isa = PBXBuildFile; fileRef = AA00000002000011 /* MotivationalMessages.swift */; };
		AA00000001000012 /* HomeView.swift in Sources */ = {isa = PBXBuildFile; fileRef = AA00000002000012 /* HomeView.swift */; };
		AA00000001000013 /* DrawView.swift in Sources */ = {isa = PBXBuildFile; fileRef = AA00000002000013 /* DrawView.swift */; };
		AA00000001000014 /* CollectionView.swift in Sources */ = {isa = PBXBuildFile; fileRef = AA00000002000014 /* CollectionView.swift */; };
		AA00000001000015 /* CardDetailView.swift in Sources */ = {isa = PBXBuildFile; fileRef = AA00000002000015 /* CardDetailView.swift */; };
		AA00000001000016 /* JournalView.swift in Sources */ = {isa = PBXBuildFile; fileRef = AA00000002000016 /* JournalView.swift */; };
		AA00000001000017 /* TarotCardView.swift in Sources */ = {isa = PBXBuildFile; fileRef = AA00000002000017 /* TarotCardView.swift */; };
		AA00000001000018 /* CosmicBackground.swift in Sources */ = {isa = PBXBuildFile; fileRef = AA00000002000018 /* CosmicBackground.swift */; };
		AA00000001000019 /* Assets.xcassets in Resources */ = {isa = PBXBuildFile; fileRef = AA00000002000019 /* Assets.xcassets */; };
		AA00000001000020 /* Preview Assets.xcassets in Resources */ = {isa = PBXBuildFile; fileRef = AA00000002000020 /* Preview Assets.xcassets */; };
		AA00000001000021 /* OnboardingView.swift in Sources */ = {isa = PBXBuildFile; fileRef = AA00000002000022 /* OnboardingView.swift */; };
		AA00000001000022 /* PaywallView.swift in Sources */ = {isa = PBXBuildFile; fileRef = AA00000002000023 /* PaywallView.swift */; };
		AA00000001000023 /* StoreManager.swift in Sources */ = {isa = PBXBuildFile; fileRef = AA00000002000024 /* StoreManager.swift */; };
		AA00000001000024 /* LoopingVideoPlayer.swift in Sources */ = {isa = PBXBuildFile; fileRef = AA00000002000025 /* LoopingVideoPlayer.swift */; };
		AA00000001000025 /* onboarding-welcome.mp4 in Resources */ = {isa = PBXBuildFile; fileRef = AA00000002000026 /* onboarding-welcome.mp4 */; };
		AA00000001000026 /* onboarding-spreads.mp4 in Resources */ = {isa = PBXBuildFile; fileRef = AA00000002000027 /* onboarding-spreads.mp4 */; };
		AA00000001000030 /* OracleCard.swift in Sources */ = {isa = PBXBuildFile; fileRef = AA00000002000030 /* OracleCard.swift */; };
		AA00000001000031 /* OracleDeck.swift in Sources */ = {isa = PBXBuildFile; fileRef = AA00000002000031 /* OracleDeck.swift */; };
		AA00000001000032 /* OracleCardView.swift in Sources */ = {isa = PBXBuildFile; fileRef = AA00000002000032 /* OracleCardView.swift */; };
		AA00000001000033 /* OracleDrawView.swift in Sources */ = {isa = PBXBuildFile; fileRef = AA00000002000033 /* OracleDrawView.swift */; };
		AA00000001000034 /* OracleDetailView.swift in Sources */ = {isa = PBXBuildFile; fileRef = AA00000002000034 /* OracleDetailView.swift */; };
		AA00000001000035 /* OracleCollectionView.swift in Sources */ = {isa = PBXBuildFile; fileRef = AA00000002000035 /* OracleCollectionView.swift */; };
		AA00000001000036 /* FullScreenCardView.swift in Sources */ = {isa = PBXBuildFile; fileRef = AA00000002000036 /* FullScreenCardView.swift */; };
		AA00000001000037 /* OracleAboutView.swift in Sources */ = {isa = PBXBuildFile; fileRef = AA00000002000037 /* OracleAboutView.swift */; };
/* End PBXBuildFile section */

/* Begin PBXFileReference section */
		9703C10E2F44ABAB005D49C6 /* MoodTracker.swift */ = {isa = PBXFileReference; lastKnownFileType = sourcecode.swift; path = MoodTracker.swift; sourceTree = "<group>"; };
		9703C1102F44AC0F005D49C6 /* AffirmationEngine.swift */ = {isa = PBXFileReference; lastKnownFileType = sourcecode.swift; path = AffirmationEngine.swift; sourceTree = "<group>"; };
		9703C1112F44AC0F005D49C6 /* InsightsTabView.swift */ = {isa = PBXFileReference; lastKnownFileType = sourcecode.swift; path = InsightsTabView.swift; sourceTree = "<group>"; };
		9703C1122F44AC0F005D49C6 /* MoodTrackerView.swift */ = {isa = PBXFileReference; lastKnownFileType = sourcecode.swift; path = MoodTrackerView.swift; sourceTree = "<group>"; };
		9703C1132F44AC0F005D49C6 /* OracleSelectionView.swift */ = {isa = PBXFileReference; lastKnownFileType = sourcecode.swift; path = OracleSelectionView.swift; sourceTree = "<group>"; };
		9703C1142F44AC0F005D49C6 /* OracleTabView.swift */ = {isa = PBXFileReference; lastKnownFileType = sourcecode.swift; path = OracleTabView.swift; sourceTree = "<group>"; };
		9703C1152F44AC0F005D49C6 /* QuantumOracleCard.swift */ = {isa = PBXFileReference; lastKnownFileType = sourcecode.swift; path = QuantumOracleCard.swift; sourceTree = "<group>"; };
		9703C1162F44AC0F005D49C6 /* QuantumOracleCardView.swift */ = {isa = PBXFileReference; lastKnownFileType = sourcecode.swift; path = QuantumOracleCardView.swift; sourceTree = "<group>"; };
		9703C1172F44AC0F005D49C6 /* QuantumOracleCollectionView.swift */ = {isa = PBXFileReference; lastKnownFileType = sourcecode.swift; path = QuantumOracleCollectionView.swift; sourceTree = "<group>"; };
		9703C1182F44AC0F005D49C6 /* QuantumOracleDeck.swift */ = {isa = PBXFileReference; lastKnownFileType = sourcecode.swift; path = QuantumOracleDeck.swift; sourceTree = "<group>"; };
		9703C1192F44AC0F005D49C6 /* QuantumOracleDrawView.swift */ = {isa = PBXFileReference; lastKnownFileType = sourcecode.swift; path = QuantumOracleDrawView.swift; sourceTree = "<group>"; };
		9703C11A2F44AC0F005D49C6 /* StatisticsView.swift */ = {isa = PBXFileReference; lastKnownFileType = sourcecode.swift; path = StatisticsView.swift; sourceTree = "<group>"; };
		AA00000002000001 /* CoeurCosmiqueApp.swift */ = {isa = PBXFileReference; lastKnownFileType = sourcecode.swift; path = CoeurCosmiqueApp.swift; sourceTree = "<group>"; };
		AA00000002000002 /* ContentView.swift */ = {isa = PBXFileReference; lastKnownFileType = sourcecode.swift; path = ContentView.swift; sourceTree = "<group>"; };
		AA00000002000003 /* AppViewModel.swift */ = {isa = PBXFileReference; lastKnownFileType = sourcecode.swift; path = AppViewModel.swift; sourceTree = "<group>"; };
		AA00000002000004 /* CosmicTheme.swift */ = {isa = PBXFileReference; lastKnownFileType = sourcecode.swift; path = CosmicTheme.swift; sourceTree = "<group>"; };
		AA00000002000005 /* TarotCard.swift */ = {isa = PBXFileReference; lastKnownFileType = sourcecode.swift; path = TarotCard.swift; sourceTree = "<group>"; };
		AA00000002000006 /* TarotDeck.swift */ = {isa = PBXFileReference; lastKnownFileType = sourcecode.swift; path = TarotDeck.swift; sourceTree = "<group>"; };
		AA00000002000007 /* TarotSpread.swift */ = {isa = PBXFileReference; lastKnownFileType = sourcecode.swift; path = TarotSpread.swift; sourceTree = "<group>"; };
		AA00000002000008 /* TarotReadingEngine.swift */ = {isa = PBXFileReference; lastKnownFileType = sourcecode.swift; path = TarotReadingEngine.swift; sourceTree = "<group>"; };
		AA00000002000009 /* DailyCardStore.swift */ = {isa = PBXFileReference; lastKnownFileType = sourcecode.swift; path = DailyCardStore.swift; sourceTree = "<group>"; };
		AA00000002000010 /* ReadingHistoryStore.swift */ = {isa = PBXFileReference; lastKnownFileType = sourcecode.swift; path = ReadingHistoryStore.swift; sourceTree = "<group>"; };
		AA00000002000011 /* MotivationalMessages.swift */ = {isa = PBXFileReference; lastKnownFileType = sourcecode.swift; path = MotivationalMessages.swift; sourceTree = "<group>"; };
		AA00000002000012 /* HomeView.swift */ = {isa = PBXFileReference; lastKnownFileType = sourcecode.swift; path = HomeView.swift; sourceTree = "<group>"; };
		AA00000002000013 /* DrawView.swift */ = {isa = PBXFileReference; lastKnownFileType = sourcecode.swift; path = DrawView.swift; sourceTree = "<group>"; };
		AA00000002000014 /* CollectionView.swift */ = {isa = PBXFileReference; lastKnownFileType = sourcecode.swift; path = CollectionView.swift; sourceTree = "<group>"; };
		AA00000002000015 /* CardDetailView.swift */ = {isa = PBXFileReference; lastKnownFileType = sourcecode.swift; path = CardDetailView.swift; sourceTree = "<group>"; };
		AA00000002000016 /* JournalView.swift */ = {isa = PBXFileReference; lastKnownFileType = sourcecode.swift; path = JournalView.swift; sourceTree = "<group>"; };
		AA00000002000017 /* TarotCardView.swift */ = {isa = PBXFileReference; lastKnownFileType = sourcecode.swift; path = TarotCardView.swift; sourceTree = "<group>"; };
		AA00000002000018 /* CosmicBackground.swift */ = {isa = PBXFileReference; lastKnownFileType = sourcecode.swift; path = CosmicBackground.swift; sourceTree = "<group>"; };
		AA00000002000019 /* Assets.xcassets */ = {isa = PBXFileReference; lastKnownFileType = folder.assetcatalog; path = Assets.xcassets; sourceTree = "<group>"; };
		AA00000002000020 /* Preview Assets.xcassets */ = {isa = PBXFileReference; lastKnownFileType = folder.assetcatalog; path = "Preview Assets.xcassets"; sourceTree = "<group>"; };
		AA00000002000021 /* CoeurCosmique.app */ = {isa = PBXFileReference; explicitFileType = wrapper.application; includeInIndex = 0; path = CoeurCosmique.app; sourceTree = BUILT_PRODUCTS_DIR; };
		AA00000002000022 /* OnboardingView.swift */ = {isa = PBXFileReference; lastKnownFileType = sourcecode.swift; path = OnboardingView.swift; sourceTree = "<group>"; };
		AA00000002000023 /* PaywallView.swift */ = {isa = PBXFileReference; lastKnownFileType = sourcecode.swift; path = PaywallView.swift; sourceTree = "<group>"; };
		AA00000002000024 /* StoreManager.swift */ = {isa = PBXFileReference; lastKnownFileType = sourcecode.swift; path = StoreManager.swift; sourceTree = "<group>"; };
		AA00000002000025 /* LoopingVideoPlayer.swift */ = {isa = PBXFileReference; lastKnownFileType = sourcecode.swift; path = LoopingVideoPlayer.swift; sourceTree = "<group>"; };
		AA00000002000026 /* onboarding-welcome.mp4 */ = {isa = PBXFileReference; lastKnownFileType = file; path = "onboarding-welcome.mp4"; sourceTree = "<group>"; };
		AA00000002000027 /* onboarding-spreads.mp4 */ = {isa = PBXFileReference; lastKnownFileType = file; path = "onboarding-spreads.mp4"; sourceTree = "<group>"; };
		AA00000002000030 /* OracleCard.swift */ = {isa = PBXFileReference; lastKnownFileType = sourcecode.swift; path = OracleCard.swift; sourceTree = "<group>"; };
		AA00000002000031 /* OracleDeck.swift */ = {isa = PBXFileReference; lastKnownFileType = sourcecode.swift; path = OracleDeck.swift; sourceTree = "<group>"; };
		AA00000002000032 /* OracleCardView.swift */ = {isa = PBXFileReference; lastKnownFileType = sourcecode.swift; path = OracleCardView.swift; sourceTree = "<group>"; };
		AA00000002000033 /* OracleDrawView.swift */ = {isa = PBXFileReference; lastKnownFileType = sourcecode.swift; path = OracleDrawView.swift; sourceTree = "<group>"; };
		AA00000002000034 /* OracleDetailView.swift */ = {isa = PBXFileReference; lastKnownFileType = sourcecode.swift; path = OracleDetailView.swift; sourceTree = "<group>"; };
		AA00000002000035 /* OracleCollectionView.swift */ = {isa = PBXFileReference; lastKnownFileType = sourcecode.swift; path = OracleCollectionView.swift; sourceTree = "<group>"; };
		AA00000002000036 /* FullScreenCardView.swift */ = {isa = PBXFileReference; lastKnownFileType = sourcecode.swift; path = FullScreenCardView.swift; sourceTree = "<group>"; };
		AA00000002000037 /* OracleAboutView.swift */ = {isa = PBXFileReference; lastKnownFileType = sourcecode.swift; path = OracleAboutView.swift; sourceTree = "<group>"; };
/* End PBXFileReference section */

/* Begin PBXFrameworksBuildPhase section */
		AA00000004000001 /* Frameworks */ = {
			isa = PBXFrameworksBuildPhase;
			buildActionMask = 2147483647;
			files = (
			);
			runOnlyForDeploymentPostprocessing = 0;
		};
/* End PBXFrameworksBuildPhase section */

/* Begin PBXGroup section */
		AA00000003000001 = {
			isa = PBXGroup;
			children = (
				AA00000003000002 /* CoeurCosmique */,
				AA00000003000004 /* Products */,
			);
			sourceTree = "<group>";
		};
		AA00000003000002 /* CoeurCosmique */ = {
			isa = PBXGroup;
			children = (
				AA00000002000003 /* AppViewModel.swift */,
				AA00000002000019 /* Assets.xcassets */,
				AA00000002000015 /* CardDetailView.swift */,
				AA00000002000001 /* CoeurCosmiqueApp.swift */,
				AA00000002000014 /* CollectionView.swift */,
				AA00000002000002 /* ContentView.swift */,
				AA00000002000018 /* CosmicBackground.swift */,
				AA00000002000004 /* CosmicTheme.swift */,
				AA00000002000009 /* DailyCardStore.swift */,
				AA00000002000013 /* DrawView.swift */,
				AA00000002000036 /* FullScreenCardView.swift */,
				AA00000002000012 /* HomeView.swift */,
				AA00000002000016 /* JournalView.swift */,
				AA00000002000025 /* LoopingVideoPlayer.swift */,
				9703C10E2F44ABAB005D49C6 /* MoodTracker.swift */,
				AA00000002000011 /* MotivationalMessages.swift */,
				AA00000002000022 /* OnboardingView.swift */,
				AA00000002000037 /* OracleAboutView.swift */,
				AA00000002000030 /* OracleCard.swift */,
				AA00000002000032 /* OracleCardView.swift */,
				AA00000002000035 /* OracleCollectionView.swift */,
				AA00000002000031 /* OracleDeck.swift */,
				AA00000002000034 /* OracleDetailView.swift */,
				AA00000002000033 /* OracleDrawView.swift */,
				AA00000002000023 /* PaywallView.swift */,
				AA00000003000003 /* Preview Content */,
				AA00000002000010 /* ReadingHistoryStore.swift */,
				AA00000002000024 /* StoreManager.swift */,
				AA00000002000005 /* TarotCard.swift */,
				AA00000002000017 /* TarotCardView.swift */,
				AA00000002000006 /* TarotDeck.swift */,
				AA00000002000008 /* TarotReadingEngine.swift */,
				AA00000002000007 /* TarotSpread.swift */,
				AA00000003000005 /* Videos */,
				9703C1102F44AC0F005D49C6 /* AffirmationEngine.swift */,
				9703C1112F44AC0F005D49C6 /* InsightsTabView.swift */,
				9703C1122F44AC0F005D49C6 /* MoodTrackerView.swift */,
				9703C1132F44AC0F005D49C6 /* OracleSelectionView.swift */,
				9703C1142F44AC0F005D49C6 /* OracleTabView.swift */,
				9703C1152F44AC0F005D49C6 /* QuantumOracleCard.swift */,
				9703C1162F44AC0F005D49C6 /* QuantumOracleCardView.swift */,
				9703C1172F44AC0F005D49C6 /* QuantumOracleCollectionView.swift */,
				9703C1182F44AC0F005D49C6 /* QuantumOracleDeck.swift */,
				9703C1192F44AC0F005D49C6 /* QuantumOracleDrawView.swift */,
				9703C11A2F44AC0F005D49C6 /* StatisticsView.swift */,
			);
			path = CoeurCosmique;
			sourceTree = "<group>";
		};
		AA00000003000003 /* Preview Content */ = {
			isa = PBXGroup;
			children = (
				AA00000002000020 /* Preview Assets.xcassets */,
			);
			path = "Preview Content";
			sourceTree = "<group>";
		};
		AA00000003000004 /* Products */ = {
			isa = PBXGroup;
			children = (
				AA00000002000021 /* CoeurCosmique.app */,
			);
			name = Products;
			sourceTree = "<group>";
		};
		AA00000003000005 /* Videos */ = {
			isa = PBXGroup;
			children = (
				AA00000002000026 /* onboarding-welcome.mp4 */,
				AA00000002000027 /* onboarding-spreads.mp4 */,
			);
			path = Videos;
			sourceTree = "<group>";
		};
/* End PBXGroup section */

/* Begin PBXNativeTarget section */
		AA00000005000001 /* CoeurCosmique */ = {
			isa = PBXNativeTarget;
			buildConfigurationList = AA00000008000002 /* Build configuration list for PBXNativeTarget "CoeurCosmique" */;
			buildPhases = (
				AA00000006000001 /* Sources */,
				AA00000004000001 /* Frameworks */,
				AA00000006000002 /* Resources */,
			);
			buildRules = (
			);
			dependencies = (
			);
			name = CoeurCosmique;
			productName = CoeurCosmique;
			productReference = AA00000002000021 /* CoeurCosmique.app */;
			productType = "com.apple.product-type.application";
		};
/* End PBXNativeTarget section */

/* Begin PBXProject section */
		AA00000009000001 /* Project object */ = {
			isa = PBXProject;
			attributes = {
				BuildIndependentTargetsInParallel = 1;
				LastSwiftUpdateCheck = 1540;
				LastUpgradeCheck = 1540;
				TargetAttributes = {
					AA00000005000001 = {
						CreatedOnToolsVersion = 15.4;
					};
				};
			};
			buildConfigurationList = AA00000008000001 /* Build configuration list for PBXProject "CoeurCosmique" */;
			compatibilityVersion = "Xcode 14.0";
			developmentRegion = fr;
			hasScannedForEncodings = 0;
			knownRegions = (
				fr,
				Base,
			);
			mainGroup = AA00000003000001;
			productRefGroup = AA00000003000004 /* Products */;
			projectDirPath = "";
			projectRoot = "";
			targets = (
				AA00000005000001 /* CoeurCosmique */,
			);
		};
/* End PBXProject section */

/* Begin PBXResourcesBuildPhase section */
		AA00000006000002 /* Resources */ = {
			isa = PBXResourcesBuildPhase;
			buildActionMask = 2147483647;
			files = (
				AA00000001000020 /* Preview Assets.xcassets in Resources */,
				AA00000001000019 /* Assets.xcassets in Resources */,
				AA00000001000025 /* onboarding-welcome.mp4 in Resources */,
				AA00000001000026 /* onboarding-spreads.mp4 in Resources */,
			);
			runOnlyForDeploymentPostprocessing = 0;
		};
/* End PBXResourcesBuildPhase section */

/* Begin PBXSourcesBuildPhase section */
		AA00000006000001 /* Sources */ = {
			isa = PBXSourcesBuildPhase;
			buildActionMask = 2147483647;
			files = (
				AA00000001000001 /* CoeurCosmiqueApp.swift in Sources */,
				AA00000001000002 /* ContentView.swift in Sources */,
				AA00000001000003 /* AppViewModel.swift in Sources */,
				AA00000001000004 /* CosmicTheme.swift in Sources */,
				AA00000001000005 /* TarotCard.swift in Sources */,
				AA00000001000006 /* TarotDeck.swift in Sources */,
				AA00000001000007 /* TarotSpread.swift in Sources */,
				AA00000001000008 /* TarotReadingEngine.swift in Sources */,
				AA00000001000009 /* DailyCardStore.swift in Sources */,
				AA00000001000010 /* ReadingHistoryStore.swift in Sources */,
				AA00000001000011 /* MotivationalMessages.swift in Sources */,
				9703C10F2F44ABAB005D49C6 /* MoodTracker.swift in Sources */,
				AA00000001000012 /* HomeView.swift in Sources */,
				AA00000001000013 /* DrawView.swift in Sources */,
				9703C11B2F44AC0F005D49C6 /* OracleTabView.swift in Sources */,
				9703C11C2F44AC0F005D49C6 /* QuantumOracleCard.swift in Sources */,
				9703C11D2F44AC0F005D49C6 /* QuantumOracleCardView.swift in Sources */,
				9703C11E2F44AC0F005D49C6 /* QuantumOracleDeck.swift in Sources */,
				9703C11F2F44AC0F005D49C6 /* OracleSelectionView.swift in Sources */,
				9703C1202F44AC0F005D49C6 /* StatisticsView.swift in Sources */,
				9703C1212F44AC0F005D49C6 /* QuantumOracleDrawView.swift in Sources */,
				9703C1222F44AC0F005D49C6 /* MoodTrackerView.swift in Sources */,
				9703C1232F44AC0F005D49C6 /* QuantumOracleCollectionView.swift in Sources */,
				9703C1242F44AC0F005D49C6 /* AffirmationEngine.swift in Sources */,
				9703C1252F44AC0F005D49C6 /* InsightsTabView.swift in Sources */,
				AA00000001000014 /* CollectionView.swift in Sources */,
				AA00000001000015 /* CardDetailView.swift in Sources */,
				AA00000001000016 /* JournalView.swift in Sources */,
				AA00000001000017 /* TarotCardView.swift in Sources */,
				AA00000001000018 /* CosmicBackground.swift in Sources */,
				AA00000001000021 /* OnboardingView.swift in Sources */,
				AA00000001000022 /* PaywallView.swift in Sources */,
				AA00000001000023 /* StoreManager.swift in Sources */,
				AA00000001000024 /* LoopingVideoPlayer.swift in Sources */,
				AA00000001000030 /* OracleCard.swift in Sources */,
				AA00000001000031 /* OracleDeck.swift in Sources */,
				AA00000001000032 /* OracleCardView.swift in Sources */,
				AA00000001000033 /* OracleDrawView.swift in Sources */,
				AA00000001000034 /* OracleDetailView.swift in Sources */,
				AA00000001000035 /* OracleCollectionView.swift in Sources */,
				AA00000001000036 /* FullScreenCardView.swift in Sources */,
				AA00000001000037 /* OracleAboutView.swift in Sources */,
			);
			runOnlyForDeploymentPostprocessing = 0;
		};
/* End PBXSourcesBuildPhase section */

/* Begin XCBuildConfiguration section */
		AA00000007000001 /* Debug */ = {
			isa = XCBuildConfiguration;
			buildSettings = {
				ALWAYS_SEARCH_USER_PATHS = NO;
				ASSETCATALOG_COMPILER_GENERATE_SWIFT_ASSET_SYMBOL_EXTENSIONS = YES;
				CLANG_ANALYZER_NONNULL = YES;
				CLANG_ANALYZER_NUMBER_OBJECT_CONVERSION = YES_AGGRESSIVE;
				CLANG_CXX_LANGUAGE_STANDARD = "gnu++20";
				CLANG_ENABLE_MODULES = YES;
				CLANG_ENABLE_OBJC_ARC = YES;
				CLANG_ENABLE_OBJC_WEAK = YES;
				CLANG_WARN_BLOCK_CAPTURE_AUTORELEASING = YES;
				CLANG_WARN_BOOL_CONVERSION = YES;
				CLANG_WARN_COMMA = YES;
				CLANG_WARN_CONSTANT_CONVERSION = YES;
				CLANG_WARN_DEPRECATED_OBJC_IMPLEMENTATIONS = YES;
				CLANG_WARN_DIRECT_OBJC_ISA_USAGE = YES_ERROR;
				CLANG_WARN_DOCUMENTATION_COMMENTS = YES;
				CLANG_WARN_EMPTY_BODY = YES;
				CLANG_WARN_ENUM_CONVERSION = YES;
				CLANG_WARN_INFINITE_RECURSION = YES;
				CLANG_WARN_INT_CONVERSION = YES;
				CLANG_WARN_NON_LITERAL_NULL_CONVERSION = YES;
				CLANG_WARN_OBJC_IMPLICIT_RETAIN_SELF = YES;
				CLANG_WARN_OBJC_LITERAL_CONVERSION = YES;
				CLANG_WARN_OBJC_ROOT_CLASS = YES_ERROR;
				CLANG_WARN_QUOTED_INCLUDE_IN_FRAMEWORK_HEADER = YES;
				CLANG_WARN_RANGE_LOOP_ANALYSIS = YES;
				CLANG_WARN_STRICT_PROTOTYPES = YES;
				CLANG_WARN_SUSPICIOUS_MOVE = YES;
				CLANG_WARN_UNGUARDED_AVAILABILITY = YES_AGGRESSIVE;
				CLANG_WARN_UNREACHABLE_CODE = YES;
				CLANG_WARN__DUPLICATE_METHOD_MATCH = YES;
				COPY_PHASE_STRIP = NO;
				DEBUG_INFORMATION_FORMAT = dwarf;
				ENABLE_STRICT_OBJC_MSGSEND = YES;
				ENABLE_TESTABILITY = YES;
				ENABLE_USER_SCRIPT_SANDBOXING = YES;
				GCC_C_LANGUAGE_STANDARD = gnu17;
				GCC_DYNAMIC_NO_PIC = NO;
				GCC_NO_COMMON_BLOCKS = YES;
				GCC_OPTIMIZATION_LEVEL = 0;
				GCC_PREPROCESSOR_DEFINITIONS = (
					"DEBUG=1",
					"$(inherited)",
				);
				GCC_WARN_64_TO_32_BIT_CONVERSION = YES;
				GCC_WARN_ABOUT_RETURN_TYPE = YES_ERROR;
				GCC_WARN_UNDECLARED_SELECTOR = YES;
				GCC_WARN_UNINITIALIZED_AUTOS = YES_AGGRESSIVE;
				GCC_WARN_UNUSED_FUNCTION = YES;
				GCC_WARN_UNUSED_VARIABLE = YES;
				IPHONEOS_DEPLOYMENT_TARGET = 17.0;
				LOCALIZATION_PREFERS_STRING_CATALOGS = YES;
				MTL_ENABLE_DEBUG_INFO = INCLUDE_SOURCE;
				MTL_FAST_MATH = YES;
				ONLY_ACTIVE_ARCH = YES;
				SDKROOT = iphoneos;
				SWIFT_ACTIVE_COMPILATION_CONDITIONS = "DEBUG $(inherited)";
				SWIFT_OPTIMIZATION_LEVEL = "-Onone";
			};
			name = Debug;
		};
		AA00000007000002 /* Release */ = {
			isa = XCBuildConfiguration;
			buildSettings = {
				ALWAYS_SEARCH_USER_PATHS = NO;
				ASSETCATALOG_COMPILER_GENERATE_SWIFT_ASSET_SYMBOL_EXTENSIONS = YES;
				CLANG_ANALYZER_NONNULL = YES;
				CLANG_ANALYZER_NUMBER_OBJECT_CONVERSION = YES_AGGRESSIVE;
				CLANG_CXX_LANGUAGE_STANDARD = "gnu++20";
				CLANG_ENABLE_MODULES = YES;
				CLANG_ENABLE_OBJC_ARC = YES;
				CLANG_ENABLE_OBJC_WEAK = YES;
				CLANG_WARN_BLOCK_CAPTURE_AUTORELEASING = YES;
				CLANG_WARN_BOOL_CONVERSION = YES;
				CLANG_WARN_COMMA = YES;
				CLANG_WARN_CONSTANT_CONVERSION = YES;
				CLANG_WARN_DEPRECATED_OBJC_IMPLEMENTATIONS = YES;
				CLANG_WARN_DIRECT_OBJC_ISA_USAGE = YES_ERROR;
				CLANG_WARN_DOCUMENTATION_COMMENTS = YES;
				CLANG_WARN_EMPTY_BODY = YES;
				CLANG_WARN_ENUM_CONVERSION = YES;
				CLANG_WARN_INFINITE_RECURSION = YES;
				CLANG_WARN_INT_CONVERSION = YES;
				CLANG_WARN_NON_LITERAL_NULL_CONVERSION = YES;
				CLANG_WARN_OBJC_IMPLICIT_RETAIN_SELF = YES;
				CLANG_WARN_OBJC_LITERAL_CONVERSION = YES;
				CLANG_WARN_OBJC_ROOT_CLASS = YES_ERROR;
				CLANG_WARN_QUOTED_INCLUDE_IN_FRAMEWORK_HEADER = YES;
				CLANG_WARN_RANGE_LOOP_ANALYSIS = YES;
				CLANG_WARN_STRICT_PROTOTYPES = YES;
				CLANG_WARN_SUSPICIOUS_MOVE = YES;
				CLANG_WARN_UNGUARDED_AVAILABILITY = YES_AGGRESSIVE;
				CLANG_WARN_UNREACHABLE_CODE = YES;
				CLANG_WARN__DUPLICATE_METHOD_MATCH = YES;
				COPY_PHASE_STRIP = NO;
				DEBUG_INFORMATION_FORMAT = "dwarf-with-dsym";
				ENABLE_NS_ASSERTIONS = NO;
				ENABLE_STRICT_OBJC_MSGSEND = YES;
				ENABLE_USER_SCRIPT_SANDBOXING = YES;
				GCC_C_LANGUAGE_STANDARD = gnu17;
				GCC_NO_COMMON_BLOCKS = YES;
				GCC_WARN_64_TO_32_BIT_CONVERSION = YES;
				GCC_WARN_ABOUT_RETURN_TYPE = YES_ERROR;
				GCC_WARN_UNDECLARED_SELECTOR = YES;
				GCC_WARN_UNINITIALIZED_AUTOS = YES_AGGRESSIVE;
				GCC_WARN_UNUSED_FUNCTION = YES;
				GCC_WARN_UNUSED_VARIABLE = YES;
				IPHONEOS_DEPLOYMENT_TARGET = 17.0;
				LOCALIZATION_PREFERS_STRING_CATALOGS = YES;
				MTL_ENABLE_DEBUG_INFO = NO;
				MTL_FAST_MATH = YES;
				SDKROOT = iphoneos;
				SWIFT_COMPILATION_MODE = wholemodule;
				VALIDATE_PRODUCT = YES;
			};
			name = Release;
		};
		AA00000007000003 /* Debug */ = {
			isa = XCBuildConfiguration;
			buildSettings = {
				ASSETCATALOG_COMPILER_APPICON_NAME = AppIcon;
				ASSETCATALOG_COMPILER_GLOBAL_ACCENT_COLOR_NAME = AccentColor;
				CODE_SIGN_STYLE = Automatic;
				CURRENT_PROJECT_VERSION = 1;
				DEVELOPMENT_ASSET_PATHS = "\"CoeurCosmique/Preview Content\"";
				DEVELOPMENT_TEAM = B8L2G6Y2K2;
				ENABLE_PREVIEWS = YES;
				GENERATE_INFOPLIST_FILE = YES;
				INFOPLIST_KEY_CFBundleDisplayName = "Coeur Cosmique";
				INFOPLIST_KEY_LSApplicationCategoryType = "public.app-category.lifestyle";
				INFOPLIST_KEY_UIApplicationSceneManifest_Generation = YES;
				INFOPLIST_KEY_UIApplicationSupportsIndirectInputEvents = YES;
				INFOPLIST_KEY_UILaunchScreen_Generation = YES;
				INFOPLIST_KEY_UISupportedInterfaceOrientations_iPad = "UIInterfaceOrientationPortrait UIInterfaceOrientationPortraitUpsideDown UIInterfaceOrientationLandscapeLeft UIInterfaceOrientationLandscapeRight";
				INFOPLIST_KEY_UISupportedInterfaceOrientations_iPhone = "UIInterfaceOrientationPortrait UIInterfaceOrientationLandscapeLeft UIInterfaceOrientationLandscapeRight";
				LD_RUNPATH_SEARCH_PATHS = (
					"$(inherited)",
					"@executable_path/Frameworks",
				);
				MARKETING_VERSION = 1.0;
				PRODUCT_BUNDLE_IDENTIFIER = com.coeurcosmique.app;
				PRODUCT_NAME = "$(TARGET_NAME)";
				SUPPORTED_PLATFORMS = "iphoneos iphonesimulator";
				SUPPORTS_MACCATALYST = NO;
				SWIFT_EMIT_LOC_STRINGS = YES;
				SWIFT_VERSION = 5.0;
				TARGETED_DEVICE_FAMILY = "1,2";
			};
			name = Debug;
		};
		AA00000007000004 /* Release */ = {
			isa = XCBuildConfiguration;
			buildSettings = {
				ASSETCATALOG_COMPILER_APPICON_NAME = AppIcon;
				ASSETCATALOG_COMPILER_GLOBAL_ACCENT_COLOR_NAME = AccentColor;
				CODE_SIGN_STYLE = Automatic;
				CURRENT_PROJECT_VERSION = 1;
				DEVELOPMENT_ASSET_PATHS = "\"CoeurCosmique/Preview Content\"";
				DEVELOPMENT_TEAM = B8L2G6Y2K2;
				ENABLE_PREVIEWS = YES;
				GENERATE_INFOPLIST_FILE = YES;
				INFOPLIST_KEY_CFBundleDisplayName = "Coeur Cosmique";
				INFOPLIST_KEY_LSApplicationCategoryType = "public.app-category.lifestyle";
				INFOPLIST_KEY_UIApplicationSceneManifest_Generation = YES;
				INFOPLIST_KEY_UIApplicationSupportsIndirectInputEvents = YES;
				INFOPLIST_KEY_UILaunchScreen_Generation = YES;
				INFOPLIST_KEY_UISupportedInterfaceOrientations_iPad = "UIInterfaceOrientationPortrait UIInterfaceOrientationPortraitUpsideDown UIInterfaceOrientationLandscapeLeft UIInterfaceOrientationLandscapeRight";
				INFOPLIST_KEY_UISupportedInterfaceOrientations_iPhone = "UIInterfaceOrientationPortrait UIInterfaceOrientationLandscapeLeft UIInterfaceOrientationLandscapeRight";
				LD_RUNPATH_SEARCH_PATHS = (
					"$(inherited)",
					"@executable_path/Frameworks",
				);
				MARKETING_VERSION = 1.0;
				PRODUCT_BUNDLE_IDENTIFIER = com.coeurcosmique.app;
				PRODUCT_NAME = "$(TARGET_NAME)";
				SUPPORTED_PLATFORMS = "iphoneos iphonesimulator";
				SUPPORTS_MACCATALYST = NO;
				SWIFT_EMIT_LOC_STRINGS = YES;
				SWIFT_VERSION = 5.0;
				TARGETED_DEVICE_FAMILY = "1,2";
			};
			name = Release;
		};
/* End XCBuildConfiguration section */

/* Begin XCConfigurationList section */
		AA00000008000001 /* Build configuration list for PBXProject "CoeurCosmique" */ = {
			isa = XCConfigurationList;
			buildConfigurations = (
				AA00000007000001 /* Debug */,
				AA00000007000002 /* Release */,
			);
			defaultConfigurationIsVisible = 0;
			defaultConfigurationName = Release;
		};
		AA00000008000002 /* Build configuration list for PBXNativeTarget "CoeurCosmique" */ = {
			isa = XCConfigurationList;
			buildConfigurations = (
				AA00000007000003 /* Debug */,
				AA00000007000004 /* Release */,
			);
			defaultConfigurationIsVisible = 0;
			defaultConfigurationName = Release;
		};
/* End XCConfigurationList section */
	};
	rootObject = AA00000009000001 /* Project object */;
}
